{
  "nodes": {
    "dbt": {
      "inputs": {
        "nixpkgs": "nixpkgs"
      },
      "locked": {
        "lastModified": 1749853159,
        "narHash": "sha256-eJcN4J9tO0cQlp3NmpUvS3SRqRpkHoeGTgF3Bf2WtuQ=",
        "owner": "javier-varez",
        "repo": "dbt",
        "rev": "125af0c6705fb437064443b9b7a4dcef1332241e",
        "type": "github"
      },
      "original": {
        "owner": "javier-varez",
        "repo": "dbt",
        "type": "github"
      }
    },
    "nixpkgs": {
      "locked": {
        "lastModified": 1744440957,
        "narHash": "sha256-FHlSkNqFmPxPJvy+6fNLaNeWnF1lZSgqVCl/eWaJRc4=",
        "owner": "NixOS",
        "repo": "nixpkgs",
        "rev": "26d499fc9f1d567283d5d56fcf367edd815dba1d",
        "type": "github"
      },
      "original": {
        "id": "nixpkgs",
        "ref": "nixos-24.11",
        "type": "indirect"
      }
    },
    "nixpkgs_2": {
      "locked": {
        "lastModified": 1748302896,
        "narHash": "sha256-ixMT0a8mM091vSswlTORZj93WQAJsRNmEvqLL+qwTFM=",
        "owner": "NixOS",
        "repo": "nixpkgs",
        "rev": "7848cd8c982f7740edf76ddb3b43d234cb80fc4d",
        "type": "github"
      },
      "original": {
        "owner": "NixOS",
        "ref": "nixos-25.05",
        "repo": "nixpkgs",
        "type": "github"
      }
    },
    "root": {
      "inputs": {
        "dbt": "dbt",
        "nixpkgs": "nixpkgs_2"
      }
    }
  },
  "root": "root",
  "version": 7
}
